# This file is automatically @generated by Cargo.
# It is not intended for manual editing.
version = 4

[[package]]
name = "trust"
version = "0.1.0"
dependencies = [
 "trust-macros",
 "trust-model",
]

[[package]]
name = "trust-core"
version = "0.1.0"

[[package]]
name = "trust-e2e"
version = "0.1.0"
dependencies = [
 "trust-test-support",
]

[[package]]
name = "trust-macros"
version = "0.1.0"

[[package]]
name = "trust-model"
version = "0.1.0"

[[package]]
name = "trust-rustc"
version = "0.1.0"
dependencies = [
 "trust-core",
]

[[package]]
name = "trust-test-support"
version = "0.1.0"
