# This file is automatically @generated by Cargo.
# It is not intended for manual editing.
version = 4

[[package]]
name = "fail_semantic_local_const_add_unproved"
version = "0.0.0"
dependencies = [
 "trust",
]

[[package]]
name = "trust"
version = "0.1.0"
dependencies = [
 "trust-macros",
 "trust-model",
]

[[package]]
name = "trust-macros"
version = "0.1.0"

[[package]]
name = "trust-model"
version = "0.1.0"
